
Microsoft Visual Studio Solution File, Format Version 12.00
# Visual Studio Version 17
VisualStudioVersion = 17.0.31903.59
MinimumVisualStudioVersion = 10.0.40219.1
Project("{FAE04EC0-301F-11D3-BF4B-00C04F79EFBC}") = "AIService", "AIService\AIService.csproj", "{7B5EE00C-C9F6-4B69-8478-3D86B2AF0665}"
EndProject
Project("{FAE04EC0-301F-11D3-BF4B-00C04F79EFBC}") = "DestinationService", "DestinationService\DestinationService.csproj", "{45213C60-1C62-48D8-8270-5569497704A8}"
EndProject
Project("{FAE04EC0-301F-11D3-BF4B-00C04F79EFBC}") = "MailService", "MailService\MailService.csproj", "{AA208813-A545-44DB-A3B6-D41B7F2748A0}"
EndProject
Project("{FAE04EC0-301F-11D3-BF4B-00C04F79EFBC}") = "TripItemsService", "TripItemsService\TripItemsService.csproj", "{E4B2A2D5-2695-4062-A5D3-906A8BDDBFB6}"
EndProject
Project("{FAE04EC0-301F-11D3-BF4B-00C04F79EFBC}") = "TripService", "TripService\TripService.csproj", "{CF95F250-BB6B-45D5-90C6-97163541910B}"
EndProject
Project("{FAE04EC0-301F-11D3-BF4B-00C04F79EFBC}") = "UserService", "UserService\UserService.csproj", "{C78FA472-94C3-4A69-9A50-4E7B30F9E029}"
EndProject
Project("{FAE04EC0-301F-11D3-BF4B-00C04F79EFBC}") = "WeatherService", "WeatherService\WeatherService.csproj", "{E0B77EAA-7A0D-45B9-BA26-FF0C0CEA51C0}"
EndProject
Project("{FAE04EC0-301F-11D3-BF4B-00C04F79EFBC}") = "ApiGateway", "ApiGateway\ApiGateway.csproj", "{A4E17F49-A6C1-404F-A5EE-75DB46C8545D}"
EndProject
Project("{FAE04EC0-301F-11D3-BF4B-00C04F79EFBC}") = "ReadyRoam.UnitTests", "ReadyRoam.UnitTests\ReadyRoam.UnitTests.csproj", "{04CEF884-5B6E-4774-9B15-05E23C6C446A}"
EndProject
Global
	GlobalSection(SolutionConfigurationPlatforms) = preSolution
		Debug|Any CPU = Debug|Any CPU
		Debug|x64 = Debug|x64
		Debug|x86 = Debug|x86
		Release|Any CPU = Release|Any CPU
		Release|x64 = Release|x64
		Release|x86 = Release|x86
	EndGlobalSection
	GlobalSection(ProjectConfigurationPlatforms) = postSolution
		{7B5EE00C-C9F6-4B69-8478-3D86B2AF0665}.Debug|Any CPU.ActiveCfg = Debug|Any CPU
		{7B5EE00C-C9F6-4B69-8478-3D86B2AF0665}.Debug|Any CPU.Build.0 = Debug|Any CPU
		{7B5EE00C-C9F6-4B69-8478-3D86B2AF0665}.Debug|x64.ActiveCfg = Debug|Any CPU
		{7B5EE00C-C9F6-4B69-8478-3D86B2AF0665}.Debug|x64.Build.0 = Debug|Any CPU
		{7B5EE00C-C9F6-4B69-8478-3D86B2AF0665}.Debug|x86.ActiveCfg = Debug|Any CPU
		{7B5EE00C-C9F6-4B69-8478-3D86B2AF0665}.Debug|x86.Build.0 = Debug|Any CPU
		{7B5EE00C-C9F6-4B69-8478-3D86B2AF0665}.Release|Any CPU.ActiveCfg = Release|Any CPU
		{7B5EE00C-C9F6-4B69-8478-3D86B2AF0665}.Release|Any CPU.Build.0 = Release|Any CPU
		{7B5EE00C-C9F6-4B69-8478-3D86B2AF0665}.Release|x64.ActiveCfg = Release|Any CPU
		{7B5EE00C-C9F6-4B69-8478-3D86B2AF0665}.Release|x64.Build.0 = Release|Any CPU
		{7B5EE00C-C9F6-4B69-8478-3D86B2AF0665}.Release|x86.ActiveCfg = Release|Any CPU
		{7B5EE00C-C9F6-4B69-8478-3D86B2AF0665}.Release|x86.Build.0 = Release|Any CPU
		{45213C60-1C62-48D8-8270-5569497704A8}.Debug|Any CPU.ActiveCfg = Debug|Any CPU
		{45213C60-1C62-48D8-8270-5569497704A8}.Debug|Any CPU.Build.0 = Debug|Any CPU
		{45213C60-1C62-48D8-8270-5569497704A8}.Debug|x64.ActiveCfg = Debug|Any CPU
		{45213C60-1C62-48D8-8270-5569497704A8}.Debug|x64.Build.0 = Debug|Any CPU
		{45213C60-1C62-48D8-8270-5569497704A8}.Debug|x86.ActiveCfg = Debug|Any CPU
		{45213C60-1C62-48D8-8270-5569497704A8}.Debug|x86.Build.0 = Debug|Any CPU
		{45213C60-1C62-48D8-8270-5569497704A8}.Release|Any CPU.ActiveCfg = Release|Any CPU
		{45213C60-1C62-48D8-8270-5569497704A8}.Release|Any CPU.Build.0 = Release|Any CPU
		{45213C60-1C62-48D8-8270-5569497704A8}.Release|x64.ActiveCfg = Release|Any CPU
		{45213C60-1C62-48D8-8270-5569497704A8}.Release|x64.Build.0 = Release|Any CPU
		{45213C60-1C62-48D8-8270-5569497704A8}.Release|x86.ActiveCfg = Release|Any CPU
		{45213C60-1C62-48D8-8270-5569497704A8}.Release|x86.Build.0 = Release|Any CPU
		{AA208813-A545-44DB-A3B6-D41B7F2748A0}.Debug|Any CPU.ActiveCfg = Debug|Any CPU
		{AA208813-A545-44DB-A3B6-D41B7F2748A0}.Debug|Any CPU.Build.0 = Debug|Any CPU
		{AA208813-A545-44DB-A3B6-D41B7F2748A0}.Debug|x64.ActiveCfg = Debug|Any CPU
		{AA208813-A545-44DB-A3B6-D41B7F2748A0}.Debug|x64.Build.0 = Debug|Any CPU
		{AA208813-A545-44DB-A3B6-D41B7F2748A0}.Debug|x86.ActiveCfg = Debug|Any CPU
		{AA208813-A545-44DB-A3B6-D41B7F2748A0}.Debug|x86.Build.0 = Debug|Any CPU
		{AA208813-A545-44DB-A3B6-D41B7F2748A0}.Release|Any CPU.ActiveCfg = Release|Any CPU
		{AA208813-A545-44DB-A3B6-D41B7F2748A0}.Release|Any CPU.Build.0 = Release|Any CPU
		{AA208813-A545-44DB-A3B6-D41B7F2748A0}.Release|x64.ActiveCfg = Release|Any CPU
		{AA208813-A545-44DB-A3B6-D41B7F2748A0}.Release|x64.Build.0 = Release|Any CPU
		{AA208813-A545-44DB-A3B6-D41B7F2748A0}.Release|x86.ActiveCfg = Release|Any CPU
		{AA208813-A545-44DB-A3B6-D41B7F2748A0}.Release|x86.Build.0 = Release|Any CPU
		{E4B2A2D5-2695-4062-A5D3-906A8BDDBFB6}.Debug|Any CPU.ActiveCfg = Debug|Any CPU
		{E4B2A2D5-2695-4062-A5D3-906A8BDDBFB6}.Debug|Any CPU.Build.0 = Debug|Any CPU
		{E4B2A2D5-2695-4062-A5D3-906A8BDDBFB6}.Debug|x64.ActiveCfg = Debug|Any CPU
		{E4B2A2D5-2695-4062-A5D3-906A8BDDBFB6}.Debug|x64.Build.0 = Debug|Any CPU
		{E4B2A2D5-2695-4062-A5D3-906A8BDDBFB6}.Debug|x86.ActiveCfg = Debug|Any CPU
		{E4B2A2D5-2695-4062-A5D3-906A8BDDBFB6}.Debug|x86.Build.0 = Debug|Any CPU
		{E4B2A2D5-2695-4062-A5D3-906A8BDDBFB6}.Release|Any CPU.ActiveCfg = Release|Any CPU
		{E4B2A2D5-2695-4062-A5D3-906A8BDDBFB6}.Release|Any CPU.Build.0 = Release|Any CPU
		{E4B2A2D5-2695-4062-A5D3-906A8BDDBFB6}.Release|x64.ActiveCfg = Release|Any CPU
		{E4B2A2D5-2695-4062-A5D3-906A8BDDBFB6}.Release|x64.Build.0 = Release|Any CPU
		{E4B2A2D5-2695-4062-A5D3-906A8BDDBFB6}.Release|x86.ActiveCfg = Release|Any CPU
		{E4B2A2D5-2695-4062-A5D3-906A8BDDBFB6}.Release|x86.Build.0 = Release|Any CPU
		{CF95F250-BB6B-45D5-90C6-97163541910B}.Debug|Any CPU.ActiveCfg = Debug|Any CPU
		{CF95F250-BB6B-45D5-90C6-97163541910B}.Debug|Any CPU.Build.0 = Debug|Any CPU
		{CF95F250-BB6B-45D5-90C6-97163541910B}.Debug|x64.ActiveCfg = Debug|Any CPU
		{CF95F250-BB6B-45D5-90C6-97163541910B}.Debug|x64.Build.0 = Debug|Any CPU
		{CF95F250-BB6B-45D5-90C6-97163541910B}.Debug|x86.ActiveCfg = Debug|Any CPU
		{CF95F250-BB6B-45D5-90C6-97163541910B}.Debug|x86.Build.0 = Debug|Any CPU
		{CF95F250-BB6B-45D5-90C6-97163541910B}.Release|Any CPU.ActiveCfg = Release|Any CPU
		{CF95F250-BB6B-45D5-90C6-97163541910B}.Release|Any CPU.Build.0 = Release|Any CPU
		{CF95F250-BB6B-45D5-90C6-97163541910B}.Release|x64.ActiveCfg = Release|Any CPU
		{CF95F250-BB6B-45D5-90C6-97163541910B}.Release|x64.Build.0 = Release|Any CPU
		{CF95F250-BB6B-45D5-90C6-97163541910B}.Release|x86.ActiveCfg = Release|Any CPU
		{CF95F250-BB6B-45D5-90C6-97163541910B}.Release|x86.Build.0 = Release|Any CPU
		{C78FA472-94C3-4A69-9A50-4E7B30F9E029}.Debug|Any CPU.ActiveCfg = Debug|Any CPU
		{C78FA472-94C3-4A69-9A50-4E7B30F9E029}.Debug|Any CPU.Build.0 = Debug|Any CPU
		{C78FA472-94C3-4A69-9A50-4E7B30F9E029}.Debug|x64.ActiveCfg = Debug|Any CPU
		{C78FA472-94C3-4A69-9A50-4E7B30F9E029}.Debug|x64.Build.0 = Debug|Any CPU
		{C78FA472-94C3-4A69-9A50-4E7B30F9E029}.Debug|x86.ActiveCfg = Debug|Any CPU
		{C78FA472-94C3-4A69-9A50-4E7B30F9E029}.Debug|x86.Build.0 = Debug|Any CPU
		{C78FA472-94C3-4A69-9A50-4E7B30F9E029}.Release|Any CPU.ActiveCfg = Release|Any CPU
		{C78FA472-94C3-4A69-9A50-4E7B30F9E029}.Release|Any CPU.Build.0 = Release|Any CPU
		{C78FA472-94C3-4A69-9A50-4E7B30F9E029}.Release|x64.ActiveCfg = Release|Any CPU
		{C78FA472-94C3-4A69-9A50-4E7B30F9E029}.Release|x64.Build.0 = Release|Any CPU
		{C78FA472-94C3-4A69-9A50-4E7B30F9E029}.Release|x86.ActiveCfg = Release|Any CPU
		{C78FA472-94C3-4A69-9A50-4E7B30F9E029}.Release|x86.Build.0 = Release|Any CPU
		{E0B77EAA-7A0D-45B9-BA26-FF0C0CEA51C0}.Debug|Any CPU.ActiveCfg = Debug|Any CPU
		{E0B77EAA-7A0D-45B9-BA26-FF0C0CEA51C0}.Debug|Any CPU.Build.0 = Debug|Any CPU
		{E0B77EAA-7A0D-45B9-BA26-FF0C0CEA51C0}.Debug|x64.ActiveCfg = Debug|Any CPU
		{E0B77EAA-7A0D-45B9-BA26-FF0C0CEA51C0}.Debug|x64.Build.0 = Debug|Any CPU
		{E0B77EAA-7A0D-45B9-BA26-FF0C0CEA51C0}.Debug|x86.ActiveCfg = Debug|Any CPU
		{E0B77EAA-7A0D-45B9-BA26-FF0C0CEA51C0}.Debug|x86.Build.0 = Debug|Any CPU
		{E0B77EAA-7A0D-45B9-BA26-FF0C0CEA51C0}.Release|Any CPU.ActiveCfg = Release|Any CPU
		{E0B77EAA-7A0D-45B9-BA26-FF0C0CEA51C0}.Release|Any CPU.Build.0 = Release|Any CPU
		{E0B77EAA-7A0D-45B9-BA26-FF0C0CEA51C0}.Release|x64.ActiveCfg = Release|Any CPU
		{E0B77EAA-7A0D-45B9-BA26-FF0C0CEA51C0}.Release|x64.Build.0 = Release|Any CPU
		{E0B77EAA-7A0D-45B9-BA26-FF0C0CEA51C0}.Release|x86.ActiveCfg = Release|Any CPU
		{E0B77EAA-7A0D-45B9-BA26-FF0C0CEA51C0}.Release|x86.Build.0 = Release|Any CPU
		{A4E17F49-A6C1-404F-A5EE-75DB46C8545D}.Debug|Any CPU.ActiveCfg = Debug|Any CPU
		{A4E17F49-A6C1-404F-A5EE-75DB46C8545D}.Debug|Any CPU.Build.0 = Debug|Any CPU
		{A4E17F49-A6C1-404F-A5EE-75DB46C8545D}.Debug|x64.ActiveCfg = Debug|Any CPU
		{A4E17F49-A6C1-404F-A5EE-75DB46C8545D}.Debug|x64.Build.0 = Debug|Any CPU
		{A4E17F49-A6C1-404F-A5EE-75DB46C8545D}.Debug|x86.ActiveCfg = Debug|Any CPU
		{A4E17F49-A6C1-404F-A5EE-75DB46C8545D}.Debug|x86.Build.0 = Debug|Any CPU
		{A4E17F49-A6C1-404F-A5EE-75DB46C8545D}.Release|Any CPU.ActiveCfg = Release|Any CPU
		{A4E17F49-A6C1-404F-A5EE-75DB46C8545D}.Release|Any CPU.Build.0 = Release|Any CPU
		{A4E17F49-A6C1-404F-A5EE-75DB46C8545D}.Release|x64.ActiveCfg = Release|Any CPU
		{A4E17F49-A6C1-404F-A5EE-75DB46C8545D}.Release|x64.Build.0 = Release|Any CPU
		{A4E17F49-A6C1-404F-A5EE-75DB46C8545D}.Release|x86.ActiveCfg = Release|Any CPU
		{A4E17F49-A6C1-404F-A5EE-75DB46C8545D}.Release|x86.Build.0 = Release|Any CPU
		{04CEF884-5B6E-4774-9B15-05E23C6C446A}.Debug|Any CPU.ActiveCfg = Debug|Any CPU
		{04CEF884-5B6E-4774-9B15-05E23C6C446A}.Debug|Any CPU.Build.0 = Debug|Any CPU
		{04CEF884-5B6E-4774-9B15-05E23C6C446A}.Debug|x64.ActiveCfg = Debug|Any CPU
		{04CEF884-5B6E-4774-9B15-05E23C6C446A}.Debug|x64.Build.0 = Debug|Any CPU
		{04CEF884-5B6E-4774-9B15-05E23C6C446A}.Debug|x86.ActiveCfg = Debug|Any CPU
		{04CEF884-5B6E-4774-9B15-05E23C6C446A}.Debug|x86.Build.0 = Debug|Any CPU
		{04CEF884-5B6E-4774-9B15-05E23C6C446A}.Release|Any CPU.ActiveCfg = Release|Any CPU
		{04CEF884-5B6E-4774-9B15-05E23C6C446A}.Release|Any CPU.Build.0 = Release|Any CPU
		{04CEF884-5B6E-4774-9B15-05E23C6C446A}.Release|x64.ActiveCfg = Release|Any CPU
		{04CEF884-5B6E-4774-9B15-05E23C6C446A}.Release|x64.Build.0 = Release|Any CPU
		{04CEF884-5B6E-4774-9B15-05E23C6C446A}.Release|x86.ActiveCfg = Release|Any CPU
		{04CEF884-5B6E-4774-9B15-05E23C6C446A}.Release|x86.Build.0 = Release|Any CPU
	EndGlobalSection
	GlobalSection(SolutionProperties) = preSolution
		HideSolutionNode = FALSE
	EndGlobalSection
EndGlobal
